
Microsoft Visual Studio Solution File, Format Version 12.00
# Visual Studio Version 17
VisualStudioVersion = 17.3.32825.248
MinimumVisualStudioVersion = 10.0.40219.1
Project("{FAE04EC0-301F-11D3-BF4B-00C04F79EFBC}") = "ConsoleApp1", "ConsoleApp1\ConsoleApp1.csproj", "{23FF620A-9C0A-4E0B-80E9-28919D4A073C}"
EndProject
Global
	GlobalSection(SolutionConfigurationPlatforms) = preSolution
		Debug|Any CPU = Debug|Any CPU
		Release|Any CPU = Release|Any CPU
	EndGlobalSection
	GlobalSection(ProjectConfigurationPlatforms) = postSolution
		{23FF620A-9C0A-4E0B-80E9-28919D4A073C}.Debug|Any CPU.ActiveCfg = Debug|Any CPU
		{23FF620A-9C0A-4E0B-80E9-28919D4A073C}.Debug|Any CPU.Build.0 = Debug|Any CPU
		{23FF620A-9C0A-4E0B-80E9-28919D4A073C}.Release|Any CPU.ActiveCfg = Release|Any CPU
		{23FF620A-9C0A-4E0B-80E9-28919D4A073C}.Release|Any CPU.Build.0 = Release|Any CPU
	EndGlobalSection
	GlobalSection(SolutionProperties) = preSolution
		HideSolutionNode = FALSE
	EndGlobalSection
	GlobalSection(ExtensibilityGlobals) = postSolution
		SolutionGuid = {537AB378-0C54-4CF9-A601-BDB2D39194AC}
	EndGlobalSection
EndGlobal
